
Microsoft Visual Studio Solution File, Format Version 12.00
# Visual Studio Version 17
VisualStudioVersion = 17.6.33723.286
MinimumVisualStudioVersion = 10.0.40219.1
Project("{2150E333-8FDC-42A3-9474-1A3956D46DE8}") = "Applications", "Applications", "{93C4590B-4BE1-4CD1-B810-B464E0E4852D}"
EndProject
Project("{2150E333-8FDC-42A3-9474-1A3956D46DE8}") = "Admin", "Admin", "{7CFC580C-3B96-4249-894F-C83BD2F2B4D6}"
EndProject
Project("{2150E333-8FDC-42A3-9474-1A3956D46DE8}") = "Libraries", "Libraries", "{1C3EFB40-4169-4C96-BB1D-AFFA0541D3F1}"
EndProject
Project("{2150E333-8FDC-42A3-9474-1A3956D46DE8}") = "Tests", "Tests", "{CAE30678-CC22-4410-9C5D-870163735EF5}"
EndProject
Project("{9A19103F-16F7-4668-BE54-9A1E7A4F7556}") = "Coddinggurrus.Admin.Api", "Coddinggurrus.Api\Coddinggurrus.Admin.Api.csproj", "{4FD7F347-4FF3-4E00-9799-973BF46B02A5}"
EndProject
Project("{9A19103F-16F7-4668-BE54-9A1E7A4F7556}") = "Coddinggurrus.Business", "Coddinggurrus.Business\Coddinggurrus.Business.csproj", "{441198EC-14E0-40DD-B3E0-D4E6D09A5103}"
EndProject
Project("{9A19103F-16F7-4668-BE54-9A1E7A4F7556}") = "Coddinggurrus.Core", "Coddinggurrus.Core\Coddinggurrus.Core.csproj", "{17D04076-F3C8-4783-A7F0-6BD74B5706CD}"
EndProject
Project("{9A19103F-16F7-4668-BE54-9A1E7A4F7556}") = "Coddinggurrus.Data", "Coddinggurrus.Data\Coddinggurrus.Data.csproj", "{21A1899E-F2C0-4AD9-807C-24D7FDC4E89B}"
EndProject
Project("{9A19103F-16F7-4668-BE54-9A1E7A4F7556}") = "Coddinggurrus.Domain", "Coddinggurrus.Domain\Coddinggurrus.Domain.csproj", "{39481B08-9E88-44AC-806C-9CE0C6437109}"
EndProject
Project("{9A19103F-16F7-4668-BE54-9A1E7A4F7556}") = "Coddinggurrus.Infrastructure", "Coddinggurrus.Infrastructure\Coddinggurrus.Infrastructure.csproj", "{1EF30E90-2C32-4872-9538-FC8FD819E39D}"
EndProject
Project("{9A19103F-16F7-4668-BE54-9A1E7A4F7556}") = "Coddinggurrus.Common", "Coddinggurrus.Common\Coddinggurrus.Common.csproj", "{B7B0AC62-0767-4DF6-84E8-7B075A27BA3D}"
EndProject
Global
	GlobalSection(SolutionConfigurationPlatforms) = preSolution
		Debug|Any CPU = Debug|Any CPU
		Release|Any CPU = Release|Any CPU
	EndGlobalSection
	GlobalSection(ProjectConfigurationPlatforms) = postSolution
		{4FD7F347-4FF3-4E00-9799-973BF46B02A5}.Debug|Any CPU.ActiveCfg = Debug|Any CPU
		{4FD7F347-4FF3-4E00-9799-973BF46B02A5}.Debug|Any CPU.Build.0 = Debug|Any CPU
		{4FD7F347-4FF3-4E00-9799-973BF46B02A5}.Release|Any CPU.ActiveCfg = Release|Any CPU
		{4FD7F347-4FF3-4E00-9799-973BF46B02A5}.Release|Any CPU.Build.0 = Release|Any CPU
		{441198EC-14E0-40DD-B3E0-D4E6D09A5103}.Debug|Any CPU.ActiveCfg = Debug|Any CPU
		{441198EC-14E0-40DD-B3E0-D4E6D09A5103}.Debug|Any CPU.Build.0 = Debug|Any CPU
		{441198EC-14E0-40DD-B3E0-D4E6D09A5103}.Release|Any CPU.ActiveCfg = Release|Any CPU
		{441198EC-14E0-40DD-B3E0-D4E6D09A5103}.Release|Any CPU.Build.0 = Release|Any CPU
		{17D04076-F3C8-4783-A7F0-6BD74B5706CD}.Debug|Any CPU.ActiveCfg = Debug|Any CPU
		{17D04076-F3C8-4783-A7F0-6BD74B5706CD}.Debug|Any CPU.Build.0 = Debug|Any CPU
		{17D04076-F3C8-4783-A7F0-6BD74B5706CD}.Release|Any CPU.ActiveCfg = Release|Any CPU
		{17D04076-F3C8-4783-A7F0-6BD74B5706CD}.Release|Any CPU.Build.0 = Release|Any CPU
		{21A1899E-F2C0-4AD9-807C-24D7FDC4E89B}.Debug|Any CPU.ActiveCfg = Debug|Any CPU
		{21A1899E-F2C0-4AD9-807C-24D7FDC4E89B}.Debug|Any CPU.Build.0 = Debug|Any CPU
		{21A1899E-F2C0-4AD9-807C-24D7FDC4E89B}.Release|Any CPU.ActiveCfg = Release|Any CPU
		{21A1899E-F2C0-4AD9-807C-24D7FDC4E89B}.Release|Any CPU.Build.0 = Release|Any CPU
		{39481B08-9E88-44AC-806C-9CE0C6437109}.Debug|Any CPU.ActiveCfg = Debug|Any CPU
		{39481B08-9E88-44AC-806C-9CE0C6437109}.Debug|Any CPU.Build.0 = Debug|Any CPU
		{39481B08-9E88-44AC-806C-9CE0C6437109}.Release|Any CPU.ActiveCfg = Release|Any CPU
		{39481B08-9E88-44AC-806C-9CE0C6437109}.Release|Any CPU.Build.0 = Release|Any CPU
		{1EF30E90-2C32-4872-9538-FC8FD819E39D}.Debug|Any CPU.ActiveCfg = Debug|Any CPU
		{1EF30E90-2C32-4872-9538-FC8FD819E39D}.Debug|Any CPU.Build.0 = Debug|Any CPU
		{1EF30E90-2C32-4872-9538-FC8FD819E39D}.Release|Any CPU.ActiveCfg = Release|Any CPU
		{1EF30E90-2C32-4872-9538-FC8FD819E39D}.Release|Any CPU.Build.0 = Release|Any CPU
		{B7B0AC62-0767-4DF6-84E8-7B075A27BA3D}.Debug|Any CPU.ActiveCfg = Debug|Any CPU
		{B7B0AC62-0767-4DF6-84E8-7B075A27BA3D}.Debug|Any CPU.Build.0 = Debug|Any CPU
		{B7B0AC62-0767-4DF6-84E8-7B075A27BA3D}.Release|Any CPU.ActiveCfg = Release|Any CPU
		{B7B0AC62-0767-4DF6-84E8-7B075A27BA3D}.Release|Any CPU.Build.0 = Release|Any CPU
	EndGlobalSection
	GlobalSection(SolutionProperties) = preSolution
		HideSolutionNode = FALSE
	EndGlobalSection
	GlobalSection(NestedProjects) = preSolution
		{4FD7F347-4FF3-4E00-9799-973BF46B02A5} = {93C4590B-4BE1-4CD1-B810-B464E0E4852D}
		{441198EC-14E0-40DD-B3E0-D4E6D09A5103} = {1C3EFB40-4169-4C96-BB1D-AFFA0541D3F1}
		{17D04076-F3C8-4783-A7F0-6BD74B5706CD} = {1C3EFB40-4169-4C96-BB1D-AFFA0541D3F1}
		{21A1899E-F2C0-4AD9-807C-24D7FDC4E89B} = {1C3EFB40-4169-4C96-BB1D-AFFA0541D3F1}
		{39481B08-9E88-44AC-806C-9CE0C6437109} = {1C3EFB40-4169-4C96-BB1D-AFFA0541D3F1}
		{1EF30E90-2C32-4872-9538-FC8FD819E39D} = {1C3EFB40-4169-4C96-BB1D-AFFA0541D3F1}
		{B7B0AC62-0767-4DF6-84E8-7B075A27BA3D} = {1C3EFB40-4169-4C96-BB1D-AFFA0541D3F1}
	EndGlobalSection
	GlobalSection(ExtensibilityGlobals) = postSolution
		SolutionGuid = {7443F046-D65E-402A-96B7-214F5EEFF81E}
	EndGlobalSection
EndGlobal
